// !$*UTF8*$!
{
	archiveVersion = 1;
	classes = {
	};
	objectVersion = 50;
	objects = {

/* Begin PBXBuildFile section */
		8A1118752614131800BDA4A0 /* SplitwiseLabApp.swift in Sources */ = {isa = PBXBuildFile; fileRef = 8A1118742614131800BDA4A0 /* SplitwiseLabApp.swift */; };
		8A1118772614131800BDA4A0 /* ContentView.swift in Sources */ = {isa = PBXBuildFile; fileRef = 8A1118762614131800BDA4A0 /* ContentView.swift */; };
		8A1118792614131A00BDA4A0 /* Assets.xcassets in Resources */ = {isa = PBXBuildFile; fileRef = 8A1118782614131A00BDA4A0 /* Assets.xcassets */; };
		8A11187C2614131A00BDA4A0 /* Preview Assets.xcassets in Resources */ = {isa = PBXBuildFile; fileRef = 8A11187B2614131A00BDA4A0 /* Preview Assets.xcassets */; };
		8A1118852614141500BDA4A0 /* LoginView.swift in Sources */ = {isa = PBXBuildFile; fileRef = 8A1118842614141500BDA4A0 /* LoginView.swift */; };
		8A11188F2614172600BDA4A0 /* InfoDataModel.xcdatamodeld in Sources */ = {isa = PBXBuildFile; fileRef = 8A11188D2614172600BDA4A0 /* InfoDataModel.xcdatamodeld */; };
		8A1118922614196200BDA4A0 /* AddContactView.swift in Sources */ = {isa = PBXBuildFile; fileRef = 8A1118912614196200BDA4A0 /* AddContactView.swift */; };
		8A11189526141EA100BDA4A0 /* CoreDataManager.swift in Sources */ = {isa = PBXBuildFile; fileRef = 8A11189426141EA100BDA4A0 /* CoreDataManager.swift */; };
		8A111898261420D000BDA4A0 /* CoreDataViewModel.swift in Sources */ = {isa = PBXBuildFile; fileRef = 8A111897261420D000BDA4A0 /* CoreDataViewModel.swift */; };
		8A1118A0261A8E8500BDA4A0 /* ContactDetailsView.swift in Sources */ = {isa = PBXBuildFile; fileRef = 8A11189F261A8E8400BDA4A0 /* ContactDetailsView.swift */; };
/* End PBXBuildFile section */

/* Begin PBXFileReference section */
		8A1118712614131800BDA4A0 /* SplitwiseLab.app */ = {isa = PBXFileReference; explicitFileType = wrapper.application; includeInIndex = 0; path = SplitwiseLab.app; sourceTree = BUILT_PRODUCTS_DIR; };
		8A1118742614131800BDA4A0 /* SplitwiseLabApp.swift */ = {isa = PBXFileReference; lastKnownFileType = sourcecode.swift; path = SplitwiseLabApp.swift; sourceTree = "<group>"; };
		8A1118762614131800BDA4A0 /* ContentView.swift */ = {isa = PBXFileReference; lastKnownFileType = sourcecode.swift; path = ContentView.swift; sourceTree = "<group>"; };
		8A1118782614131A00BDA4A0 /* Assets.xcassets */ = {isa = PBXFileReference; lastKnownFileType = folder.assetcatalog; path = Assets.xcassets; sourceTree = "<group>"; };
		8A11187B2614131A00BDA4A0 /* Preview Assets.xcassets */ = {isa = PBXFileReference; lastKnownFileType = folder.assetcatalog; path = "Preview Assets.xcassets"; sourceTree = "<group>"; };
		8A11187D2614131A00BDA4A0 /* Info.plist */ = {isa = PBXFileReference; lastKnownFileType = text.plist.xml; path = Info.plist; sourceTree = "<group>"; };
		8A1118842614141500BDA4A0 /* LoginView.swift */ = {isa = PBXFileReference; lastKnownFileType = sourcecode.swift; path = LoginView.swift; sourceTree = "<group>"; };
		8A11188E2614172600BDA4A0 /* InfoDataModel.xcdatamodel */ = {isa = PBXFileReference; lastKnownFileType = wrapper.xcdatamodel; path = InfoDataModel.xcdatamodel; sourceTree = "<group>"; };
		8A1118912614196200BDA4A0 /* AddContactView.swift */ = {isa = PBXFileReference; lastKnownFileType = sourcecode.swift; path = AddContactView.swift; sourceTree = "<group>"; };
		8A11189426141EA100BDA4A0 /* CoreDataManager.swift */ = {isa = PBXFileReference; lastKnownFileType = sourcecode.swift; path = CoreDataManager.swift; sourceTree = "<group>"; };
		8A111897261420D000BDA4A0 /* CoreDataViewModel.swift */ = {isa = PBXFileReference; lastKnownFileType = sourcecode.swift; path = CoreDataViewModel.swift; sourceTree = "<group>"; };
		8A11189F261A8E8400BDA4A0 /* ContactDetailsView.swift */ = {isa = PBXFileReference; lastKnownFileType = sourcecode.swift; path = ContactDetailsView.swift; sourceTree = "<group>"; };
/* End PBXFileReference section */

/* Begin PBXFrameworksBuildPhase section */
		8A11186E2614131800BDA4A0 /* Frameworks */ = {
			isa = PBXFrameworksBuildPhase;
			buildActionMask = 2147483647;
			files = (
			);
			runOnlyForDeploymentPostprocessing = 0;
		};
/* End PBXFrameworksBuildPhase section */

/* Begin PBXGroup section */
		8A1118682614131800BDA4A0 = {
			isa = PBXGroup;
			children = (
				8A1118732614131800BDA4A0 /* SplitwiseLab */,
				8A1118722614131800BDA4A0 /* Products */,
			);
			sourceTree = "<group>";
		};
		8A1118722614131800BDA4A0 /* Products */ = {
			isa = PBXGroup;
			children = (
				8A1118712614131800BDA4A0 /* SplitwiseLab.app */,
			);
			name = Products;
			sourceTree = "<group>";
		};
		8A1118732614131800BDA4A0 /* SplitwiseLab */ = {
			isa = PBXGroup;
			children = (
				8A11188C261416AC00BDA4A0 /* Managers */,
				8A11188B2614169F00BDA4A0 /* Data */,
				8A11188A2614168800BDA4A0 /* ViewModels */,
				8A1118892614166E00BDA4A0 /* Views */,
				8A1118742614131800BDA4A0 /* SplitwiseLabApp.swift */,
				8A1118762614131800BDA4A0 /* ContentView.swift */,
				8A1118782614131A00BDA4A0 /* Assets.xcassets */,
				8A11187D2614131A00BDA4A0 /* Info.plist */,
				8A11187A2614131A00BDA4A0 /* Preview Content */,
				8A1118842614141500BDA4A0 /* LoginView.swift */,
			);
			path = SplitwiseLab;
			sourceTree = "<group>";
		};
		8A11187A2614131A00BDA4A0 /* Preview Content */ = {
			isa = PBXGroup;
			children = (
				8A11187B2614131A00BDA4A0 /* Preview Assets.xcassets */,
			);
			path = "Preview Content";
			sourceTree = "<group>";
		};
		8A1118892614166E00BDA4A0 /* Views */ = {
			isa = PBXGroup;
			children = (
				8A1118912614196200BDA4A0 /* AddContactView.swift */,
				8A11189F261A8E8400BDA4A0 /* ContactDetailsView.swift */,
			);
			path = Views;
			sourceTree = "<group>";
		};
		8A11188A2614168800BDA4A0 /* ViewModels */ = {
			isa = PBXGroup;
			children = (
				8A111897261420D000BDA4A0 /* CoreDataViewModel.swift */,
			);
			path = ViewModels;
			sourceTree = "<group>";
		};
		8A11188B2614169F00BDA4A0 /* Data */ = {
			isa = PBXGroup;
			children = (
				8A11188D2614172600BDA4A0 /* InfoDataModel.xcdatamodeld */,
			);
			path = Data;
			sourceTree = "<group>";
		};
		8A11188C261416AC00BDA4A0 /* Managers */ = {
			isa = PBXGroup;
			children = (
				8A11189426141EA100BDA4A0 /* CoreDataManager.swift */,
			);
			path = Managers;
			sourceTree = "<group>";
		};
/* End PBXGroup section */

/* Begin PBXNativeTarget section */
		8A1118702614131800BDA4A0 /* SplitwiseLab */ = {
			isa = PBXNativeTarget;
			buildConfigurationList = 8A1118802614131A00BDA4A0 /* Build configuration list for PBXNativeTarget "SplitwiseLab" */;
			buildPhases = (
				8A11186D2614131800BDA4A0 /* Sources */,
				8A11186E2614131800BDA4A0 /* Frameworks */,
				8A11186F2614131800BDA4A0 /* Resources */,
			);
			buildRules = (
			);
			dependencies = (
			);
			name = SplitwiseLab;
			productName = SplitwiseLab;
			productReference = 8A1118712614131800BDA4A0 /* SplitwiseLab.app */;
			productType = "com.apple.product-type.application";
		};
/* End PBXNativeTarget section */

/* Begin PBXProject section */
		8A1118692614131800BDA4A0 /* Project object */ = {
			isa = PBXProject;
			attributes = {
				LastSwiftUpdateCheck = 1240;
				LastUpgradeCheck = 1240;
				TargetAttributes = {
					8A1118702614131800BDA4A0 = {
						CreatedOnToolsVersion = 12.4;
					};
				};
			};
			buildConfigurationList = 8A11186C2614131800BDA4A0 /* Build configuration list for PBXProject "SplitwiseLab" */;
			compatibilityVersion = "Xcode 9.3";
			developmentRegion = en;
			hasScannedForEncodings = 0;
			knownRegions = (
				en,
				Base,
			);
			mainGroup = 8A1118682614131800BDA4A0;
			productRefGroup = 8A1118722614131800BDA4A0 /* Products */;
			projectDirPath = "";
			projectRoot = "";
			targets = (
				8A1118702614131800BDA4A0 /* SplitwiseLab */,
			);
		};
/* End PBXProject section */

/* Begin PBXResourcesBuildPhase section */
		8A11186F2614131800BDA4A0 /* Resources */ = {
			isa = PBXResourcesBuildPhase;
			buildActionMask = 2147483647;
			files = (
				8A11187C2614131A00BDA4A0 /* Preview Assets.xcassets in Resources */,
				8A1118792614131A00BDA4A0 /* Assets.xcassets in Resources */,
			);
			runOnlyForDeploymentPostprocessing = 0;
		};
/* End PBXResourcesBuildPhase section */

/* Begin PBXSourcesBuildPhase section */
		8A11186D2614131800BDA4A0 /* Sources */ = {
			isa = PBXSourcesBuildPhase;
			buildActionMask = 2147483647;
			files = (
				8A1118A0261A8E8500BDA4A0 /* ContactDetailsView.swift in Sources */,
				8A11189526141EA100BDA4A0 /* CoreDataManager.swift in Sources */,
				8A1118852614141500BDA4A0 /* LoginView.swift in Sources */,
				8A111898261420D000BDA4A0 /* CoreDataViewModel.swift in Sources */,
				8A1118922614196200BDA4A0 /* AddContactView.swift in Sources */,
				8A11188F2614172600BDA4A0 /* InfoDataModel.xcdatamodeld in Sources */,
				8A1118772614131800BDA4A0 /* ContentView.swift in Sources */,
				8A1118752614131800BDA4A0 /* SplitwiseLabApp.swift in Sources */,
			);
			runOnlyForDeploymentPostprocessing = 0;
		};
/* End PBXSourcesBuildPhase section */

/* Begin XCBuildConfiguration section */
		8A11187E2614131A00BDA4A0 /* Debug */ = {
			isa = XCBuildConfiguration;
			buildSettings = {
				ALWAYS_SEARCH_USER_PATHS = NO;
				CLANG_ANALYZER_NONNULL = YES;
				CLANG_ANALYZER_NUMBER_OBJECT_CONVERSION = YES_AGGRESSIVE;
				CLANG_CXX_LANGUAGE_STANDARD = "gnu++14";
				CLANG_CXX_LIBRARY = "libc++";
				CLANG_ENABLE_MODULES = YES;
				CLANG_ENABLE_OBJC_ARC = YES;
				CLANG_ENABLE_OBJC_WEAK = YES;
				CLANG_WARN_BLOCK_CAPTURE_AUTORELEASING = YES;
				CLANG_WARN_BOOL_CONVERSION = YES;
				CLANG_WARN_COMMA = YES;
				CLANG_WARN_CONSTANT_CONVERSION = YES;
				CLANG_WARN_DEPRECATED_OBJC_IMPLEMENTATIONS = YES;
				CLANG_WARN_DIRECT_OBJC_ISA_USAGE = YES_ERROR;
				CLANG_WARN_DOCUMENTATION_COMMENTS = YES;
				CLANG_WARN_EMPTY_BODY = YES;
				CLANG_WARN_ENUM_CONVERSION = YES;
				CLANG_WARN_INFINITE_RECURSION = YES;
				CLANG_WARN_INT_CONVERSION = YES;
				CLANG_WARN_NON_LITERAL_NULL_CONVERSION = YES;
				CLANG_WARN_OBJC_IMPLICIT_RETAIN_SELF = YES;
				CLANG_WARN_OBJC_LITERAL_CONVERSION = YES;
				CLANG_WARN_OBJC_ROOT_CLASS = YES_ERROR;
				CLANG_WARN_QUOTED_INCLUDE_IN_FRAMEWORK_HEADER = YES;
				CLANG_WARN_RANGE_LOOP_ANALYSIS = YES;
				CLANG_WARN_STRICT_PROTOTYPES = YES;
				CLANG_WARN_SUSPICIOUS_MOVE = YES;
				CLANG_WARN_UNGUARDED_AVAILABILITY = YES_AGGRESSIVE;
				CLANG_WARN_UNREACHABLE_CODE = YES;
				CLANG_WARN__DUPLICATE_METHOD_MATCH = YES;
				COPY_PHASE_STRIP = NO;
				DEBUG_INFORMATION_FORMAT = dwarf;
				ENABLE_STRICT_OBJC_MSGSEND = YES;
				ENABLE_TESTABILITY = YES;
				GCC_C_LANGUAGE_STANDARD = gnu11;
				GCC_DYNAMIC_NO_PIC = NO;
				GCC_NO_COMMON_BLOCKS = YES;
				GCC_OPTIMIZATION_LEVEL = 0;
				GCC_PREPROCESSOR_DEFINITIONS = (
					"DEBUG=1",
					"$(inherited)",
				);
				GCC_WARN_64_TO_32_BIT_CONVERSION = YES;
				GCC_WARN_ABOUT_RETURN_TYPE = YES_ERROR;
				GCC_WARN_UNDECLARED_SELECTOR = YES;
				GCC_WARN_UNINITIALIZED_AUTOS = YES_AGGRESSIVE;
				GCC_WARN_UNUSED_FUNCTION = YES;
				GCC_WARN_UNUSED_VARIABLE = YES;
				IPHONEOS_DEPLOYMENT_TARGET = 14.4;
				MTL_ENABLE_DEBUG_INFO = INCLUDE_SOURCE;
				MTL_FAST_MATH = YES;
				ONLY_ACTIVE_ARCH = YES;
				SDKROOT = iphoneos;
				SWIFT_ACTIVE_COMPILATION_CONDITIONS = DEBUG;
				SWIFT_OPTIMIZATION_LEVEL = "-Onone";
			};
			name = Debug;
		};
		8A11187F2614131A00BDA4A0 /* Release */ = {
			isa = XCBuildConfiguration;
			buildSettings = {
				ALWAYS_SEARCH_USER_PATHS = NO;
				CLANG_ANALYZER_NONNULL = YES;
				CLANG_ANALYZER_NUMBER_OBJECT_CONVERSION = YES_AGGRESSIVE;
				CLANG_CXX_LANGUAGE_STANDARD = "gnu++14";
				CLANG_CXX_LIBRARY = "libc++";
				CLANG_ENABLE_MODULES = YES;
				CLANG_ENABLE_OBJC_ARC = YES;
				CLANG_ENABLE_OBJC_WEAK = YES;
				CLANG_WARN_BLOCK_CAPTURE_AUTORELEASING = YES;
				CLANG_WARN_BOOL_CONVERSION = YES;
				CLANG_WARN_COMMA = YES;
				CLANG_WARN_CONSTANT_CONVERSION = YES;
				CLANG_WARN_DEPRECATED_OBJC_IMPLEMENTATIONS = YES;
				CLANG_WARN_DIRECT_OBJC_ISA_USAGE = YES_ERROR;
				CLANG_WARN_DOCUMENTATION_COMMENTS = YES;
				CLANG_WARN_EMPTY_BODY = YES;
				CLANG_WARN_ENUM_CONVERSION = YES;
				CLANG_WARN_INFINITE_RECURSION = YES;
				CLANG_WARN_INT_CONVERSION = YES;
				CLANG_WARN_NON_LITERAL_NULL_CONVERSION = YES;
				CLANG_WARN_OBJC_IMPLICIT_RETAIN_SELF = YES;
				CLANG_WARN_OBJC_LITERAL_CONVERSION = YES;
				CLANG_WARN_OBJC_ROOT_CLASS = YES_ERROR;
				CLANG_WARN_QUOTED_INCLUDE_IN_FRAMEWORK_HEADER = YES;
				CLANG_WARN_RANGE_LOOP_ANALYSIS = YES;
				CLANG_WARN_STRICT_PROTOTYPES = YES;
				CLANG_WARN_SUSPICIOUS_MOVE = YES;
				CLANG_WARN_UNGUARDED_AVAILABILITY = YES_AGGRESSIVE;
				CLANG_WARN_UNREACHABLE_CODE = YES;
				CLANG_WARN__DUPLICATE_METHOD_MATCH = YES;
				COPY_PHASE_STRIP = NO;
				DEBUG_INFORMATION_FORMAT = "dwarf-with-dsym";
				ENABLE_NS_ASSERTIONS = NO;
				ENABLE_STRICT_OBJC_MSGSEND = YES;
				GCC_C_LANGUAGE_STANDARD = gnu11;
				GCC_NO_COMMON_BLOCKS = YES;
				GCC_WARN_64_TO_32_BIT_CONVERSION = YES;
				GCC_WARN_ABOUT_RETURN_TYPE = YES_ERROR;
				GCC_WARN_UNDECLARED_SELECTOR = YES;
				GCC_WARN_UNINITIALIZED_AUTOS = YES_AGGRESSIVE;
				GCC_WARN_UNUSED_FUNCTION = YES;
				GCC_WARN_UNUSED_VARIABLE = YES;
				IPHONEOS_DEPLOYMENT_TARGET = 14.4;
				MTL_ENABLE_DEBUG_INFO = NO;
				MTL_FAST_MATH = YES;
				SDKROOT = iphoneos;
				SWIFT_COMPILATION_MODE = wholemodule;
				SWIFT_OPTIMIZATION_LEVEL = "-O";
				VALIDATE_PRODUCT = YES;
			};
			name = Release;
		};
		8A1118812614131A00BDA4A0 /* Debug */ = {
			isa = XCBuildConfiguration;
			buildSettings = {
				ASSETCATALOG_COMPILER_APPICON_NAME = AppIcon;
				ASSETCATALOG_COMPILER_GLOBAL_ACCENT_COLOR_NAME = AccentColor;
				CODE_SIGN_STYLE = Automatic;
				DEVELOPMENT_ASSET_PATHS = "\"SplitwiseLab/Preview Content\"";
				DEVELOPMENT_TEAM = U92X7B795N;
				ENABLE_PREVIEWS = YES;
				INFOPLIST_FILE = SplitwiseLab/Info.plist;
				IPHONEOS_DEPLOYMENT_TARGET = 14.0;
				LD_RUNPATH_SEARCH_PATHS = (
					"$(inherited)",
					"@executable_path/Frameworks",
				);
				PRODUCT_BUNDLE_IDENTIFIER = com.framirez.SplitwiseLab;
				PRODUCT_NAME = "$(TARGET_NAME)";
				SWIFT_VERSION = 5.0;
				TARGETED_DEVICE_FAMILY = "1,2";
			};
			name = Debug;
		};
		8A1118822614131A00BDA4A0 /* Release */ = {
			isa = XCBuildConfiguration;
			buildSettings = {
				ASSETCATALOG_COMPILER_APPICON_NAME = AppIcon;
				ASSETCATALOG_COMPILER_GLOBAL_ACCENT_COLOR_NAME = AccentColor;
				CODE_SIGN_STYLE = Automatic;
				DEVELOPMENT_ASSET_PATHS = "\"SplitwiseLab/Preview Content\"";
				DEVELOPMENT_TEAM = U92X7B795N;
				ENABLE_PREVIEWS = YES;
				INFOPLIST_FILE = SplitwiseLab/Info.plist;
				IPHONEOS_DEPLOYMENT_TARGET = 14.0;
				LD_RUNPATH_SEARCH_PATHS = (
					"$(inherited)",
					"@executable_path/Frameworks",
				);
				PRODUCT_BUNDLE_IDENTIFIER = com.framirez.SplitwiseLab;
				PRODUCT_NAME = "$(TARGET_NAME)";
				SWIFT_VERSION = 5.0;
				TARGETED_DEVICE_FAMILY = "1,2";
			};
			name = Release;
		};
/* End XCBuildConfiguration section */

/* Begin XCConfigurationList section */
		8A11186C2614131800BDA4A0 /* Build configuration list for PBXProject "SplitwiseLab" */ = {
			isa = XCConfigurationList;
			buildConfigurations = (
				8A11187E2614131A00BDA4A0 /* Debug */,
				8A11187F2614131A00BDA4A0 /* Release */,
			);
			defaultConfigurationIsVisible = 0;
			defaultConfigurationName = Release;
		};
		8A1118802614131A00BDA4A0 /* Build configuration list for PBXNativeTarget "SplitwiseLab" */ = {
			isa = XCConfigurationList;
			buildConfigurations = (
				8A1118812614131A00BDA4A0 /* Debug */,
				8A1118822614131A00BDA4A0 /* Release */,
			);
			defaultConfigurationIsVisible = 0;
			defaultConfigurationName = Release;
		};
/* End XCConfigurationList section */

/* Begin XCVersionGroup section */
		8A11188D2614172600BDA4A0 /* InfoDataModel.xcdatamodeld */ = {
			isa = XCVersionGroup;
			children = (
				8A11188E2614172600BDA4A0 /* InfoDataModel.xcdatamodel */,
			);
			currentVersion = 8A11188E2614172600BDA4A0 /* InfoDataModel.xcdatamodel */;
			path = InfoDataModel.xcdatamodeld;
			sourceTree = "<group>";
			versionGroupType = wrapper.xcdatamodel;
		};
/* End XCVersionGroup section */
	};
	rootObject = 8A1118692614131800BDA4A0 /* Project object */;
}
